Microsoft Visual Studio Solution File, Format Version 11.00
# Visual Studio 2008

Project("{1D79D64F-6E7D-436A-9F90-061DAE101635}") = "Realidad Aumentada Chanal", "Assembly-CSharp-vs.csproj", "{2BCCBA53-1BC1-04C7-D2D0-52E6B31196D1}"
EndProject
Project("{1D79D64F-6E7D-436A-9F90-061DAE101635}") = "Realidad Aumentada Chanal", "Assembly-CSharp-Editor-vs.csproj", "{CF3DD790-4F54-A20E-679F-191D838F30B4}"
EndProject
Global
	GlobalSection(SolutionConfigurationPlatforms) = preSolution
		Debug|Any CPU = Debug|Any CPU
		Release|Any CPU = Release|Any CPU
	EndGlobalSection
	GlobalSection(ProjectConfigurationPlatforms) = postSolution
		{2BCCBA53-1BC1-04C7-D2D0-52E6B31196D1}.Debug|Any CPU.ActiveCfg = Debug|Any CPU
		{2BCCBA53-1BC1-04C7-D2D0-52E6B31196D1}.Debug|Any CPU.Build.0 = Debug|Any CPU
		{2BCCBA53-1BC1-04C7-D2D0-52E6B31196D1}.Release|Any CPU.ActiveCfg = Release|Any CPU
		{2BCCBA53-1BC1-04C7-D2D0-52E6B31196D1}.Release|Any CPU.Build.0 = Release|Any CPU
		{CF3DD790-4F54-A20E-679F-191D838F30B4}.Debug|Any CPU.ActiveCfg = Debug|Any CPU
		{CF3DD790-4F54-A20E-679F-191D838F30B4}.Debug|Any CPU.Build.0 = Debug|Any CPU
		{CF3DD790-4F54-A20E-679F-191D838F30B4}.Release|Any CPU.ActiveCfg = Release|Any CPU
		{CF3DD790-4F54-A20E-679F-191D838F30B4}.Release|Any CPU.Build.0 = Release|Any CPU
	EndGlobalSection
	GlobalSection(SolutionProperties) = preSolution
		HideSolutionNode = FALSE
	EndGlobalSection
										GlobalSection(MonoDevelopProperties) = preSolution
		StartupItem = Assembly-CSharp.csproj
		Policies = $0
		$0.TextStylePolicy = $1
		$1.inheritsSet = null
		$1.scope = text/x-csharp
		$0.CSharpFormattingPolicy = $2
		$2.inheritsSet = Mono
		$2.inheritsScope = text/x-csharp
		$2.scope = text/x-csharp
		$0.TextStylePolicy = $3
		$3.FileWidth = 120
		$3.TabWidth = 4
		$3.EolMarker = Unix
		$3.inheritsSet = Mono
		$3.inheritsScope = text/plain
		$3.scope = text/plain
	EndGlobalSection

EndGlobal
